
Microsoft Visual Studio Solution File, Format Version 12.00
# Visual Studio Version 16
VisualStudioVersion = 16.0.30611.23
MinimumVisualStudioVersion = 10.0.40219.1
Project("{FAE04EC0-301F-11D3-BF4B-00C04F79EFBC}") = "medium_4", "medium_4\medium_4.csproj", "{DC4E2EED-A517-402A-BDD7-FCD7F57976BE}"
EndProject
Global
	GlobalSection(SolutionConfigurationPlatforms) = preSolution
		Debug|Any CPU = Debug|Any CPU
		Release|Any CPU = Release|Any CPU
	EndGlobalSection
	GlobalSection(ProjectConfigurationPlatforms) = postSolution
		{DC4E2EED-A517-402A-BDD7-FCD7F57976BE}.Debug|Any CPU.ActiveCfg = Debug|Any CPU
		{DC4E2EED-A517-402A-BDD7-FCD7F57976BE}.Debug|Any CPU.Build.0 = Debug|Any CPU
		{DC4E2EED-A517-402A-BDD7-FCD7F57976BE}.Release|Any CPU.ActiveCfg = Release|Any CPU
		{DC4E2EED-A517-402A-BDD7-FCD7F57976BE}.Release|Any CPU.Build.0 = Release|Any CPU
	EndGlobalSection
	GlobalSection(SolutionProperties) = preSolution
		HideSolutionNode = FALSE
	EndGlobalSection
	GlobalSection(ExtensibilityGlobals) = postSolution
		SolutionGuid = {C44DA353-1E89-42F3-A844-DD7026BE4390}
	EndGlobalSection
EndGlobal
